
Microsoft Visual Studio Solution File, Format Version 12.00
# Visual Studio 2015
Project("{FAE04EC0-301F-11D3-BF4B-00C04F79EFBC}") = "tolua", "tolua.csproj", "{ED30B420-C2BD-4319-8282-BF158A9AF0CD}"
EndProject
Project("{FAE04EC0-301F-11D3-BF4B-00C04F79EFBC}") = "tolua.Editor", "tolua.Editor.csproj", "{BA0E60A6-8A29-624C-EDD0-25B7CA6E8A17}"
EndProject
Global
	GlobalSection(SolutionConfigurationPlatforms) = preSolution
		Debug|Any CPU = Debug|Any CPU
		Release|Any CPU = Release|Any CPU
	EndGlobalSection
	GlobalSection(ProjectConfigurationPlatforms) = postSolution
		{ED30B420-C2BD-4319-8282-BF158A9AF0CD}.Debug|Any CPU.ActiveCfg = Debug|Any CPU
		{ED30B420-C2BD-4319-8282-BF158A9AF0CD}.Debug|Any CPU.Build.0 = Debug|Any CPU
		{ED30B420-C2BD-4319-8282-BF158A9AF0CD}.Release|Any CPU.ActiveCfg = Release|Any CPU
		{ED30B420-C2BD-4319-8282-BF158A9AF0CD}.Release|Any CPU.Build.0 = Release|Any CPU
		{BA0E60A6-8A29-624C-EDD0-25B7CA6E8A17}.Debug|Any CPU.ActiveCfg = Debug|Any CPU
		{BA0E60A6-8A29-624C-EDD0-25B7CA6E8A17}.Debug|Any CPU.Build.0 = Debug|Any CPU
		{BA0E60A6-8A29-624C-EDD0-25B7CA6E8A17}.Release|Any CPU.ActiveCfg = Release|Any CPU
		{BA0E60A6-8A29-624C-EDD0-25B7CA6E8A17}.Release|Any CPU.Build.0 = Release|Any CPU
	EndGlobalSection
	GlobalSection(SolutionProperties) = preSolution
		HideSolutionNode = FALSE
	EndGlobalSection
EndGlobal
